
Microsoft Visual Studio Solution File, Format Version 12.00
# Visual Studio Version 17
VisualStudioVersion = 17.10.35027.167
MinimumVisualStudioVersion = 10.0.40219.1
Project("{FAE04EC0-301F-11D3-BF4B-00C04F79EFBC}") = "Practica20250304.AppMVCDataFirst", "Practica20250304.AppMVCDataFirst\Practica20250304.AppMVCDataFirst.csproj", "{71817986-9712-458E-94E6-9F0EB8174571}"
EndProject
Project("{FAE04EC0-301F-11D3-BF4B-00C04F79EFBC}") = "Practica20250304.AppMVCCodeFirst", "Practica20250304.AppMVCCodeFirst\Practica20250304.AppMVCCodeFirst.csproj", "{D183CF41-CE3D-4F40-9539-622403EDBFE1}"
EndProject
Global
	GlobalSection(SolutionConfigurationPlatforms) = preSolution
		Debug|Any CPU = Debug|Any CPU
		Release|Any CPU = Release|Any CPU
	EndGlobalSection
	GlobalSection(ProjectConfigurationPlatforms) = postSolution
		{71817986-9712-458E-94E6-9F0EB8174571}.Debug|Any CPU.ActiveCfg = Debug|Any CPU
		{71817986-9712-458E-94E6-9F0EB8174571}.Debug|Any CPU.Build.0 = Debug|Any CPU
		{71817986-9712-458E-94E6-9F0EB8174571}.Release|Any CPU.ActiveCfg = Release|Any CPU
		{71817986-9712-458E-94E6-9F0EB8174571}.Release|Any CPU.Build.0 = Release|Any CPU
		{D183CF41-CE3D-4F40-9539-622403EDBFE1}.Debug|Any CPU.ActiveCfg = Debug|Any CPU
		{D183CF41-CE3D-4F40-9539-622403EDBFE1}.Debug|Any CPU.Build.0 = Debug|Any CPU
		{D183CF41-CE3D-4F40-9539-622403EDBFE1}.Release|Any CPU.ActiveCfg = Release|Any CPU
		{D183CF41-CE3D-4F40-9539-622403EDBFE1}.Release|Any CPU.Build.0 = Release|Any CPU
	EndGlobalSection
	GlobalSection(SolutionProperties) = preSolution
		HideSolutionNode = FALSE
	EndGlobalSection
	GlobalSection(ExtensibilityGlobals) = postSolution
		SolutionGuid = {62D021A4-586D-47FC-B3DB-930E60534274}
	EndGlobalSection
EndGlobal
